<?xml version="1.0" encoding="utf-8"?>
<Project ToolsVersion="4.0" xmlns="http://schemas.microsoft.com/developer/msbuild/2003">
  <ItemGroup>
    <Filter Include="ソース ファイル">
      <UniqueIdentifier>{4FC737F1-C7A5-4376-A066-2A32D752A2FF}</UniqueIdentifier>
      <Extensions>cpp;c;cc;cxx;def;odl;idl;hpj;bat;asm;asmx</Extensions>
    </Filter>
    <Filter Include="ヘッダー ファイル">
      <UniqueIdentifier>{93995380-89BD-4b04-88EB-625FBE52EBFB}</UniqueIdentifier>
      <Extensions>h;hh;hpp;hxx;hm;inl;inc;xsd</Extensions>
    </Filter>
    <Filter Include="リソース ファイル">
      <UniqueIdentifier>{67DA6AB6-F800-4c08-8B7A-83BB121AAD01}</UniqueIdentifier>
      <Extensions>rc;ico;cur;bmp;dlg;rc2;rct;bin;rgs;gif;jpg;jpeg;jpe;resx;tiff;tif;png;wav;mfcribbon-ms</Extensions>
    </Filter>
    <Filter Include="ソース ファイル\Physics">
      <UniqueIdentifier>{862ede63-75c0-4d51-95b2-6a853250318a}</UniqueIdentifier>
    </Filter>
    <Filter Include="ソース ファイル\lib">
      <UniqueIdentifier>{7181124b-f516-42a7-b2da-23b6cb14fcaf}</UniqueIdentifier>
    </Filter>
  </ItemGroup>
  <ItemGroup>
    <ClCompile Include="main.cpp">
      <Filter>ソース ファイル</Filter>
    </ClCompile>
    <ClCompile Include="stdafx.cpp">
      <Filter>ソース ファイル</Filter>
    </ClCompile>
    <ClCompile Include="game.cpp">
      <Filter>ソース ファイル</Filter>
    </ClCompile>
    <ClCompile Include="System.cpp">
      <Filter>ソース ファイル</Filter>
    </ClCompile>
    <ClCompile Include="Player.cpp">
      <Filter>ソース ファイル</Filter>
    </ClCompile>
    <ClCompile Include="ground.cpp">
      <Filter>ソース ファイル</Filter>
    </ClCompile>
    <ClCompile Include="GameCamera.cpp">
      <Filter>ソース ファイル</Filter>
    </ClCompile>
    <ClCompile Include="Sky.cpp">
      <Filter>ソース ファイル</Filter>
    </ClCompile>
    <ClCompile Include="CapsuleCollider.cpp">
      <Filter>ソース ファイル\Physics</Filter>
    </ClCompile>
    <ClCompile Include="CharacterController.cpp">
      <Filter>ソース ファイル\Physics</Filter>
    </ClCompile>
    <ClCompile Include="MeshCollider.cpp">
      <Filter>ソース ファイル\Physics</Filter>
    </ClCompile>
    <ClCompile Include="Physics.cpp">
      <Filter>ソース ファイル\Physics</Filter>
    </ClCompile>
    <ClCompile Include="RigidBody.cpp">
      <Filter>ソース ファイル\Physics</Filter>
    </ClCompile>
    <ClCompile Include="Texture.cpp">
      <Filter>ソース ファイル</Filter>
    </ClCompile>
    <ClCompile Include="trun.cpp">
      <Filter>ソース ファイル</Filter>
    </ClCompile>
    <ClCompile Include="Animation.cpp">
      <Filter>ソース ファイル\lib</Filter>
    </ClCompile>
    <ClCompile Include="Camera.cpp">
      <Filter>ソース ファイル\lib</Filter>
    </ClCompile>
    <ClCompile Include="EffectManager.cpp">
      <Filter>ソース ファイル\lib</Filter>
    </ClCompile>
    <ClCompile Include="SkinModel.cpp">
      <Filter>ソース ファイル\lib</Filter>
    </ClCompile>
    <ClCompile Include="skinModelData.cpp">
      <Filter>ソース ファイル\lib</Filter>
    </ClCompile>
    <ClCompile Include="Primitive.cpp">
      <Filter>ソース ファイル\lib</Filter>
    </ClCompile>
    <ClCompile Include="MapChip.cpp">
      <Filter>ソース ファイル\lib</Filter>
    </ClCompile>
    <ClCompile Include="Map.cpp">
      <Filter>ソース ファイル\lib</Filter>
    </ClCompile>
    <ClCompile Include="IndexBuffer.cpp">
      <Filter>ソース ファイル\lib</Filter>
    </ClCompile>
    <ClCompile Include="VertexBuffer.cpp">
      <Filter>ソース ファイル\lib</Filter>
    </ClCompile>
    <ClCompile Include="bloom.cpp">
      <Filter>ソース ファイル</Filter>
    </ClCompile>
    <ClCompile Include="goal.cpp">
      <Filter>ソース ファイル</Filter>
    </ClCompile>
    <ClCompile Include="ParticleEmitter.cpp">
      <Filter>ソース ファイル</Filter>
    </ClCompile>
    <ClCompile Include="Particle.cpp">
      <Filter>ソース ファイル</Filter>
    </ClCompile>
  </ItemGroup>
  <ItemGroup>
    <ClInclude Include="CapsuleCollider.h">
      <Filter>ソース ファイル\Physics</Filter>
    </ClInclude>
    <ClInclude Include="CharacterController.h">
      <Filter>ソース ファイル\Physics</Filter>
    </ClInclude>
    <ClInclude Include="CollisionAttr.h">
      <Filter>ソース ファイル\Physics</Filter>
    </ClInclude>
    <ClInclude Include="ICollider.h">
      <Filter>ソース ファイル\Physics</Filter>
    </ClInclude>
    <ClInclude Include="MeshCollider.h">
      <Filter>ソース ファイル\Physics</Filter>
    </ClInclude>
    <ClInclude Include="Physics.h">
      <Filter>ソース ファイル\Physics</Filter>
    </ClInclude>
    <ClInclude Include="RigidBody.h">
      <Filter>ソース ファイル\Physics</Filter>
    </ClInclude>
    <ClInclude Include="game.h">
      <Filter>ソース ファイル</Filter>
    </ClInclude>
    <ClInclude Include="GameCamera.h">
      <Filter>ソース ファイル</Filter>
    </ClInclude>
    <ClInclude Include="ground.h">
      <Filter>ソース ファイル</Filter>
    </ClInclude>
    <ClInclude Include="Matrix.h">
      <Filter>ソース ファイル</Filter>
    </ClInclude>
    <ClInclude Include="Player.h">
      <Filter>ソース ファイル</Filter>
    </ClInclude>
    <ClInclude Include="Sky.h">
      <Filter>ソース ファイル</Filter>
    </ClInclude>
    <ClInclude Include="stdafx.h">
      <Filter>ソース ファイル</Filter>
    </ClInclude>
    <ClInclude Include="System.h">
      <Filter>ソース ファイル</Filter>
    </ClInclude>
    <ClInclude Include="Texture.h">
      <Filter>ソース ファイル</Filter>
    </ClInclude>
    <ClInclude Include="turn.h">
      <Filter>ソース ファイル</Filter>
    </ClInclude>
    <ClInclude Include="Animation.h">
      <Filter>ソース ファイル\lib</Filter>
    </ClInclude>
    <ClInclude Include="Camera.h">
      <Filter>ソース ファイル\lib</Filter>
    </ClInclude>
    <ClInclude Include="EffectManager.h">
      <Filter>ソース ファイル\lib</Filter>
    </ClInclude>
    <ClInclude Include="Light.h">
      <Filter>ソース ファイル\lib</Filter>
    </ClInclude>
    <ClInclude Include="locationInfo.h">
      <Filter>ソース ファイル\lib</Filter>
    </ClInclude>
    <ClInclude Include="RenderTarget.h">
      <Filter>ソース ファイル\lib</Filter>
    </ClInclude>
    <ClInclude Include="SkinModel.h">
      <Filter>ソース ファイル\lib</Filter>
    </ClInclude>
    <ClInclude Include="SkinModelData.h">
      <Filter>ソース ファイル\lib</Filter>
    </ClInclude>
    <ClInclude Include="Primitive.h">
      <Filter>ソース ファイル\lib</Filter>
    </ClInclude>
    <ClInclude Include="MapChip.h">
      <Filter>ソース ファイル\lib</Filter>
    </ClInclude>
    <ClInclude Include="Map.h">
      <Filter>ソース ファイル\lib</Filter>
    </ClInclude>
    <ClInclude Include="IndexBuffer.h">
      <Filter>ソース ファイル\lib</Filter>
    </ClInclude>
    <ClInclude Include="VertexBuffer.h">
      <Filter>ソース ファイル\lib</Filter>
    </ClInclude>
    <ClInclude Include="bloom.h">
      <Filter>ソース ファイル</Filter>
    </ClInclude>
    <ClInclude Include="goal.h">
      <Filter>ソース ファイル</Filter>
    </ClInclude>
    <ClInclude Include="ParticleEmitter.h">
      <Filter>ソース ファイル</Filter>
    </ClInclude>
    <ClInclude Include="Particle.h">
      <Filter>ソース ファイル</Filter>
    </ClInclude>
  </ItemGroup>
</Project>